
Microsoft Visual Studio Solution File, Format Version 12.00
# Visual Studio Version 17
VisualStudioVersion = 17.3.32811.315
MinimumVisualStudioVersion = 10.0.40219.1
Project("{9A19103F-16F7-4668-BE54-9A1E7A4F7556}") = "ProjetGraphiqueSession", "ProjetGraphiqueSession\ProjetGraphiqueSession.csproj", "{C975F704-E1C5-404C-933C-9432C20C11A8}"
EndProject
Project("{9A19103F-16F7-4668-BE54-9A1E7A4F7556}") = "Lab2", "..\..\Lab2\Lab2\Lab2\Lab2.csproj", "{FB69A849-2DDA-468B-9611-2EF9C119A84A}"
EndProject
Global
	GlobalSection(SolutionConfigurationPlatforms) = preSolution
		Debug|arm64 = Debug|arm64
		Debug|x64 = Debug|x64
		Debug|x86 = Debug|x86
		Release|arm64 = Release|arm64
		Release|x64 = Release|x64
		Release|x86 = Release|x86
	EndGlobalSection
	GlobalSection(ProjectConfigurationPlatforms) = postSolution
		{C975F704-E1C5-404C-933C-9432C20C11A8}.Debug|arm64.ActiveCfg = Debug|arm64
		{C975F704-E1C5-404C-933C-9432C20C11A8}.Debug|arm64.Build.0 = Debug|arm64
		{C975F704-E1C5-404C-933C-9432C20C11A8}.Debug|arm64.Deploy.0 = Debug|arm64
		{C975F704-E1C5-404C-933C-9432C20C11A8}.Debug|x64.ActiveCfg = Debug|x64
		{C975F704-E1C5-404C-933C-9432C20C11A8}.Debug|x64.Build.0 = Debug|x64
		{C975F704-E1C5-404C-933C-9432C20C11A8}.Debug|x64.Deploy.0 = Debug|x64
		{C975F704-E1C5-404C-933C-9432C20C11A8}.Debug|x86.ActiveCfg = Debug|x86
		{C975F704-E1C5-404C-933C-9432C20C11A8}.Debug|x86.Build.0 = Debug|x86
		{C975F704-E1C5-404C-933C-9432C20C11A8}.Debug|x86.Deploy.0 = Debug|x86
		{C975F704-E1C5-404C-933C-9432C20C11A8}.Release|arm64.ActiveCfg = Release|arm64
		{C975F704-E1C5-404C-933C-9432C20C11A8}.Release|arm64.Build.0 = Release|arm64
		{C975F704-E1C5-404C-933C-9432C20C11A8}.Release|arm64.Deploy.0 = Release|arm64
		{C975F704-E1C5-404C-933C-9432C20C11A8}.Release|x64.ActiveCfg = Release|x64
		{C975F704-E1C5-404C-933C-9432C20C11A8}.Release|x64.Build.0 = Release|x64
		{C975F704-E1C5-404C-933C-9432C20C11A8}.Release|x64.Deploy.0 = Release|x64
		{C975F704-E1C5-404C-933C-9432C20C11A8}.Release|x86.ActiveCfg = Release|x86
		{C975F704-E1C5-404C-933C-9432C20C11A8}.Release|x86.Build.0 = Release|x86
		{C975F704-E1C5-404C-933C-9432C20C11A8}.Release|x86.Deploy.0 = Release|x86
		{FB69A849-2DDA-468B-9611-2EF9C119A84A}.Debug|arm64.ActiveCfg = Debug|arm64
		{FB69A849-2DDA-468B-9611-2EF9C119A84A}.Debug|arm64.Build.0 = Debug|arm64
		{FB69A849-2DDA-468B-9611-2EF9C119A84A}.Debug|arm64.Deploy.0 = Debug|arm64
		{FB69A849-2DDA-468B-9611-2EF9C119A84A}.Debug|x64.ActiveCfg = Debug|x64
		{FB69A849-2DDA-468B-9611-2EF9C119A84A}.Debug|x64.Build.0 = Debug|x64
		{FB69A849-2DDA-468B-9611-2EF9C119A84A}.Debug|x64.Deploy.0 = Debug|x64
		{FB69A849-2DDA-468B-9611-2EF9C119A84A}.Debug|x86.ActiveCfg = Debug|x86
		{FB69A849-2DDA-468B-9611-2EF9C119A84A}.Debug|x86.Build.0 = Debug|x86
		{FB69A849-2DDA-468B-9611-2EF9C119A84A}.Debug|x86.Deploy.0 = Debug|x86
		{FB69A849-2DDA-468B-9611-2EF9C119A84A}.Release|arm64.ActiveCfg = Release|arm64
		{FB69A849-2DDA-468B-9611-2EF9C119A84A}.Release|arm64.Build.0 = Release|arm64
		{FB69A849-2DDA-468B-9611-2EF9C119A84A}.Release|arm64.Deploy.0 = Release|arm64
		{FB69A849-2DDA-468B-9611-2EF9C119A84A}.Release|x64.ActiveCfg = Release|x64
		{FB69A849-2DDA-468B-9611-2EF9C119A84A}.Release|x64.Build.0 = Release|x64
		{FB69A849-2DDA-468B-9611-2EF9C119A84A}.Release|x64.Deploy.0 = Release|x64
		{FB69A849-2DDA-468B-9611-2EF9C119A84A}.Release|x86.ActiveCfg = Release|x86
		{FB69A849-2DDA-468B-9611-2EF9C119A84A}.Release|x86.Build.0 = Release|x86
		{FB69A849-2DDA-468B-9611-2EF9C119A84A}.Release|x86.Deploy.0 = Release|x86
	EndGlobalSection
	GlobalSection(SolutionProperties) = preSolution
		HideSolutionNode = FALSE
	EndGlobalSection
	GlobalSection(ExtensibilityGlobals) = postSolution
		SolutionGuid = {517FA1EF-6DD3-4E9E-B534-019C4E0BC72C}
	EndGlobalSection
EndGlobal
